# This file is automatically @generated by Cargo.
# It is not intended for manual editing.
version = 3

[[package]]
name = "ahash"
version = "0.8.11"
source = "registry+https://github.com/rust-lang/crates.io-index"
checksum = "e89da841a80418a9b391ebaea17f5c112ffaaa96f621d2c285b5174da76b9011"
dependencies = [
 "cfg-if",
 "once_cell",
 "version_check",
 "zerocopy",
]

[[package]]
name = "aho-corasick"
version = "1.1.3"
source = "registry+https://github.com/rust-lang/crates.io-index"
checksum = "8e60d3430d3a69478ad0993f19238d2df97c507009a52b3c10addcd7f6bcb916"
dependencies = [
 "memchr",
]

[[package]]
name = "allocator-api2"
version = "0.2.18"
source = "registry+https://github.com/rust-lang/crates.io-index"
checksum = "5c6cb57a04249c6480766f7f7cef5467412af1490f8d1e243141daddada3264f"

[[package]]
name = "annotate-snippets"
version = "0.10.2"
source = "registry+https://github.com/rust-lang/crates.io-index"
checksum = "6d9b665789884a7e8fb06c84b295e923b03ca51edbb7d08f91a6a50322ecbfe6"
dependencies = [
 "anstyle",
 "unicode-width",
]

[[package]]
name = "anstream"
version = "0.6.13"
source = "registry+https://github.com/rust-lang/crates.io-index"
checksum = "d96bd03f33fe50a863e394ee9718a706f988b9079b20c3784fb726e7678b62fb"
dependencies = [
 "anstyle",
 "anstyle-parse",
 "anstyle-query",
 "anstyle-wincon",
 "colorchoice",
 "utf8parse",
]

[[package]]
name = "anstyle"
version = "1.0.6"
source = "registry+https://github.com/rust-lang/crates.io-index"
checksum = "8901269c6307e8d93993578286ac0edf7f195079ffff5ebdeea6a59ffb7e36bc"

[[package]]
name = "anstyle-parse"
version = "0.2.3"
source = "registry+https://github.com/rust-lang/crates.io-index"
checksum = "c75ac65da39e5fe5ab759307499ddad880d724eed2f6ce5b5e8a26f4f387928c"
dependencies = [
 "utf8parse",
]

[[package]]
name = "anstyle-query"
version = "1.0.2"
source = "registry+https://github.com/rust-lang/crates.io-index"
checksum = "e28923312444cdd728e4738b3f9c9cac739500909bb3d3c94b43551b16517648"
dependencies = [
 "windows-sys",
]

[[package]]
name = "anstyle-wincon"
version = "3.0.2"
source = "registry+https://github.com/rust-lang/crates.io-index"
checksum = "1cd54b81ec8d6180e24654d0b371ad22fc3dd083b6ff8ba325b72e00c87660a7"
dependencies = [
 "anstyle",
 "windows-sys",
]

[[package]]
name = "anyhow"
version = "1.0.82"
source = "registry+https://github.com/rust-lang/crates.io-index"
checksum = "f538837af36e6f6a9be0faa67f9a314f8119e4e4b5867c6ab40ed60360142519"

[[package]]
name = "autocfg"
version = "1.2.0"
source = "registry+https://github.com/rust-lang/crates.io-index"
checksum = "f1fdabc7756949593fe60f30ec81974b613357de856987752631dea1e3394c80"

[[package]]
name = "base64"
version = "0.21.7"
source = "registry+https://github.com/rust-lang/crates.io-index"
checksum = "9d297deb1925b89f2ccc13d7635fa0714f12c87adce1c75356b39ca9b7178567"

[[package]]
name = "beef"
version = "0.5.2"
source = "registry+https://github.com/rust-lang/crates.io-index"
checksum = "3a8241f3ebb85c056b509d4327ad0358fbbba6ffb340bf388f26350aeda225b1"

[[package]]
name = "bincode"
version = "1.3.3"
source = "registry+https://github.com/rust-lang/crates.io-index"
checksum = "b1f45e9417d87227c7a56d22e471c6206462cba514c7590c09aff4cf6d1ddcad"
dependencies = [
 "serde",
]

[[package]]
name = "bitflags"
version = "2.5.0"
source = "registry+https://github.com/rust-lang/crates.io-index"
checksum = "cf4b9d6a944f767f8e5e0db018570623c85f3d925ac718db4e06d0187adb21c1"

[[package]]
name = "block-buffer"
version = "0.10.4"
source = "registry+https://github.com/rust-lang/crates.io-index"
checksum = "3078c7629b62d3f0439517fa394996acacc5cbc91c5a20d8c658e77abd503a71"
dependencies = [
 "generic-array",
]

[[package]]
name = "bumpalo"
version = "3.16.0"
source = "registry+https://github.com/rust-lang/crates.io-index"
checksum = "79296716171880943b8470b5f8d03aa55eb2e645a4874bdbb28adb49162e012c"

[[package]]
name = "cc"
version = "1.0.96"
source = "registry+https://github.com/rust-lang/crates.io-index"
checksum = "065a29261d53ba54260972629f9ca6bffa69bac13cd1fed61420f7fa68b9f8bd"

[[package]]
name = "cfg-if"
version = "1.0.0"
source = "registry+https://github.com/rust-lang/crates.io-index"
checksum = "baf1de4339761588bc0619e3cbc0120ee582ebb74b53b4efbf79117bd2da40fd"

[[package]]
name = "clap"
version = "4.5.4"
source = "registry+https://github.com/rust-lang/crates.io-index"
checksum = "90bc066a67923782aa8515dbaea16946c5bcc5addbd668bb80af688e53e548a0"
dependencies = [
 "clap_builder",
 "clap_derive",
]

[[package]]
name = "clap_builder"
version = "4.5.2"
source = "registry+https://github.com/rust-lang/crates.io-index"
checksum = "ae129e2e766ae0ec03484e609954119f123cc1fe650337e155d03b022f24f7b4"
dependencies = [
 "anstream",
 "anstyle",
 "clap_lex",
 "strsim",
]

[[package]]
name = "clap_complete"
version = "4.5.2"
source = "registry+https://github.com/rust-lang/crates.io-index"
checksum = "dd79504325bf38b10165b02e89b4347300f855f273c4cb30c4a3209e6583275e"
dependencies = [
 "clap",
]

[[package]]
name = "clap_derive"
version = "4.5.4"
source = "registry+https://github.com/rust-lang/crates.io-index"
checksum = "528131438037fd55894f62d6e9f068b8f45ac57ffa77517819645d10aed04f64"
dependencies = [
 "heck",
 "proc-macro2",
 "quote",
 "syn 2.0.60",
]

[[package]]
name = "clap_lex"
version = "0.7.0"
source = "registry+https://github.com/rust-lang/crates.io-index"
checksum = "98cc8fbded0c607b7ba9dd60cd98df59af97e84d24e49c8557331cfc26d301ce"

[[package]]
name = "colorchoice"
version = "1.0.0"
source = "registry+https://github.com/rust-lang/crates.io-index"
checksum = "acbf1af155f9b9ef647e42cdc158db4b64a1b61f743629225fde6f3e0be2a7c7"

[[package]]
name = "console"
version = "0.15.8"
source = "registry+https://github.com/rust-lang/crates.io-index"
checksum = "0e1f83fc076bd6dd27517eacdf25fef6c4dfe5f1d7448bafaaf3a26f13b5e4eb"
dependencies = [
 "encode_unicode",
 "lazy_static",
 "libc",
 "windows-sys",
]

[[package]]
name = "countme"
version = "3.0.1"
source = "registry+https://github.com/rust-lang/crates.io-index"
checksum = "7704b5fdd17b18ae31c4c1da5a2e0305a2bf17b5249300a9ee9ed7b72114c636"

[[package]]
name = "cpufeatures"
version = "0.2.12"
source = "registry+https://github.com/rust-lang/crates.io-index"
checksum = "53fe5e26ff1b7aef8bca9c6080520cfb8d9333c7568e1829cef191a9723e5504"
dependencies = [
 "libc",
]

[[package]]
name = "crypto-common"
version = "0.1.6"
source = "registry+https://github.com/rust-lang/crates.io-index"
checksum = "1bfb12502f3fc46cca1bb51ac28df9d618d813cdc3d2f25b9fe775a34af26bb3"
dependencies = [
 "generic-array",
 "typenum",
]

[[package]]
name = "derivative"
version = "2.2.0"
source = "registry+https://github.com/rust-lang/crates.io-index"
checksum = "fcc3dd5e9e9c0b295d6e1e4d811fb6f157d5ffd784b8d202fc62eac8035a770b"
dependencies = [
 "proc-macro2",
 "quote",
 "syn 1.0.109",
]

[[package]]
name = "digest"
version = "0.10.7"
source = "registry+https://github.com/rust-lang/crates.io-index"
checksum = "9ed9a281f7bc9b7576e61468ba615a66a5c8cfdff42420a70aa82701a3b1e292"
dependencies = [
 "block-buffer",
 "crypto-common",
]

[[package]]
name = "dprint-core"
version = "0.65.0"
source = "registry+https://github.com/rust-lang/crates.io-index"
checksum = "b569f4e3085ae957ecc37588e6b2227791b72745434eae966db29e122ba27f0d"
dependencies = [
 "anyhow",
 "bumpalo",
 "indexmap 2.2.6",
 "rustc-hash",
 "serde",
 "unicode-width",
]

[[package]]
name = "drop_bomb"
version = "0.1.5"
source = "registry+https://github.com/rust-lang/crates.io-index"
checksum = "9bda8e21c04aca2ae33ffc2fd8c23134f3cac46db123ba97bd9d3f3b8a4a85e1"

[[package]]
name = "either"
version = "1.11.0"
source = "registry+https://github.com/rust-lang/crates.io-index"
checksum = "a47c1c47d2f5964e29c61246e81db715514cd532db6b5116a25ea3c03d6780a2"

[[package]]
name = "encode_unicode"
version = "0.3.6"
source = "registry+https://github.com/rust-lang/crates.io-index"
checksum = "a357d28ed41a50f9c765dbfe56cbc04a64e53e5fc58ba79fbc34c10ef3df831f"

[[package]]
name = "equivalent"
version = "1.0.1"
source = "registry+https://github.com/rust-lang/crates.io-index"
checksum = "5443807d6dff69373d433ab9ef5378ad8df50ca6298caf15de6e52e24aaf54d5"

[[package]]
name = "errno"
version = "0.3.8"
source = "registry+https://github.com/rust-lang/crates.io-index"
checksum = "a258e46cdc063eb8519c00b9fc845fc47bcfca4130e2f08e88665ceda8474245"
dependencies = [
 "libc",
 "windows-sys",
]

[[package]]
name = "fastrand"
version = "2.1.0"
source = "registry+https://github.com/rust-lang/crates.io-index"
checksum = "9fc0510504f03c51ada170672ac806f1f105a88aa97a5281117e1ddc3368e51a"

[[package]]
name = "fnv"
version = "1.0.7"
source = "registry+https://github.com/rust-lang/crates.io-index"
checksum = "3f9eec918d3f24069decb9af1554cad7c880e2da24a9afd88aca000531ab82c1"

[[package]]
name = "generic-array"
version = "0.14.7"
source = "registry+https://github.com/rust-lang/crates.io-index"
checksum = "85649ca51fd72272d7821adaf274ad91c288277713d9c18820d8499a7ff69e9a"
dependencies = [
 "typenum",
 "version_check",
]

[[package]]
name = "getrandom"
version = "0.2.14"
source = "registry+https://github.com/rust-lang/crates.io-index"
checksum = "94b22e06ecb0110981051723910cbf0b5f5e09a2062dd7663334ee79a9d1286c"
dependencies = [
 "cfg-if",
 "libc",
 "wasi",
]

[[package]]
name = "hashbrown"
version = "0.12.3"
source = "registry+https://github.com/rust-lang/crates.io-index"
checksum = "8a9ee70c43aaf417c914396645a0fa852624801b24ebb7ae78fe8272889ac888"

[[package]]
name = "hashbrown"
version = "0.14.5"
source = "registry+https://github.com/rust-lang/crates.io-index"
checksum = "e5274423e17b7c9fc20b6e7e208532f9b19825d82dfd615708b70edd83df41f1"
dependencies = [
 "ahash",
 "allocator-api2",
]

[[package]]
name = "heck"
version = "0.5.0"
source = "registry+https://github.com/rust-lang/crates.io-index"
checksum = "2304e00983f87ffb38b55b444b5e3b60a884b5d30c0fca7d82fe33449bbe55ea"

[[package]]
name = "hi-doc"
version = "0.1.1"
source = "registry+https://github.com/rust-lang/crates.io-index"
checksum = "d2390a0c9be1370168ef9557833bad3bfa37e1720df61d7f7034f18c07b4e006"
dependencies = [
 "num-traits",
 "rand",
 "random_color",
 "range-map",
 "smallvec",
]

[[package]]
name = "indexmap"
version = "1.9.3"
source = "registry+https://github.com/rust-lang/crates.io-index"
checksum = "bd070e393353796e801d209ad339e89596eb4c8d430d18ede6a1cced8fafbd99"
dependencies = [
 "autocfg",
 "hashbrown 0.12.3",
]

[[package]]
name = "indexmap"
version = "2.2.6"
source = "registry+https://github.com/rust-lang/crates.io-index"
checksum = "168fb715dda47215e360912c096649d23d58bf392ac62f73919e831745e40f26"
dependencies = [
 "equivalent",
 "hashbrown 0.14.5",
 "serde",
]

[[package]]
name = "indoc"
version = "2.0.5"
source = "registry+https://github.com/rust-lang/crates.io-index"
checksum = "b248f5224d1d606005e02c97f5aa4e88eeb230488bcc03bc9ca4d7991399f2b5"

[[package]]
name = "insta"
version = "1.38.0"
source = "registry+https://github.com/rust-lang/crates.io-index"
checksum = "3eab73f58e59ca6526037208f0e98851159ec1633cf17b6cd2e1f2c3fd5d53cc"
dependencies = [
 "console",
 "lazy_static",
 "linked-hash-map",
 "similar",
]

[[package]]
name = "itertools"
version = "0.12.1"
source = "registry+https://github.com/rust-lang/crates.io-index"
checksum = "ba291022dbbd398a455acf126c1e341954079855bc60dfdda641363bd6922569"
dependencies = [
 "either",
]

[[package]]
name = "itoa"
version = "1.0.11"
source = "registry+https://github.com/rust-lang/crates.io-index"
checksum = "49f1f14873335454500d59611f1cf4a4b0f786f9ac11f4312a78e4cf2566695b"

[[package]]
name = "jrsonnet"
version = "0.5.0-pre96"
dependencies = [
 "clap",
 "clap_complete",
 "hi-doc",
 "jrsonnet-cli",
 "jrsonnet-evaluator",
 "jrsonnet-gcmodule",
 "jrsonnet-parser",
 "mimallocator",
 "serde",
 "serde_json",
 "thiserror",
]

[[package]]
name = "jrsonnet-cli"
version = "0.5.0-pre96"
dependencies = [
 "clap",
 "jrsonnet-evaluator",
 "jrsonnet-gcmodule",
 "jrsonnet-parser",
 "jrsonnet-stdlib",
]

[[package]]
name = "jrsonnet-evaluator"
version = "0.5.0-pre96"
dependencies = [
 "annotate-snippets",
 "anyhow",
 "bincode",
 "derivative",
 "hashbrown 0.14.5",
 "hi-doc",
 "jrsonnet-gcmodule",
 "jrsonnet-interner",
 "jrsonnet-macros",
 "jrsonnet-parser",
 "jrsonnet-types",
 "num-bigint",
 "pathdiff",
 "rustc-hash",
 "serde",
 "static_assertions",
 "strsim",
 "thiserror",
]

[[package]]
name = "jrsonnet-fmt"
version = "0.5.0-pre96"
dependencies = [
 "clap",
 "dprint-core",
 "hi-doc",
 "indoc",
 "insta",
 "jrsonnet-rowan-parser",
 "tempfile",
 "thiserror",
]

[[package]]
name = "jrsonnet-gcmodule"
version = "0.3.6"
source = "registry+https://github.com/rust-lang/crates.io-index"
checksum = "c11fb98940a7f8b419619e98ccbf2e094671a5fdd0e277f05acd373071186d57"
dependencies = [
 "jrsonnet-gcmodule-derive",
 "parking_lot",
]

[[package]]
name = "jrsonnet-gcmodule-derive"
version = "0.3.6"
source = "registry+https://github.com/rust-lang/crates.io-index"
checksum = "6bee774b7ba86fc86ee84482cd6732aa860ae3559f9827c65efd75c51e66ac76"
dependencies = [
 "proc-macro2",
 "quote",
 "syn 1.0.109",
]

[[package]]
name = "jrsonnet-interner"
version = "0.5.0-pre96"
dependencies = [
 "hashbrown 0.14.5",
 "jrsonnet-gcmodule",
 "rustc-hash",
 "serde",
 "structdump",
]

[[package]]
name = "jrsonnet-macros"
version = "0.5.0-pre96"
dependencies = [
 "proc-macro2",
 "quote",
 "syn 2.0.60",
]

[[package]]
name = "jrsonnet-parser"
version = "0.5.0-pre96"
dependencies = [
 "jrsonnet-gcmodule",
 "jrsonnet-interner",
 "peg",
 "serde",
 "static_assertions",
 "structdump",
]

[[package]]
name = "jrsonnet-rowan-parser"
version = "0.5.0-pre96"
dependencies = [
 "anyhow",
 "drop_bomb",
 "indoc",
 "insta",
 "logos",
 "rowan",
 "thiserror",
]

[[package]]
name = "jrsonnet-stdlib"
version = "0.5.0-pre96"
dependencies = [
 "base64",
 "bincode",
 "jrsonnet-evaluator",
 "jrsonnet-gcmodule",
 "jrsonnet-macros",
 "jrsonnet-parser",
 "lru",
 "md5",
 "num-bigint",
 "regex",
 "rustc-hash",
 "serde",
 "serde_json",
 "serde_yaml_with_quirks",
 "sha1",
 "sha2",
 "sha3",
 "structdump",
]

[[package]]
name = "jrsonnet-types"
version = "0.5.0-pre96"
dependencies = [
 "jrsonnet-gcmodule",
 "peg",
]

[[package]]
name = "keccak"
version = "0.1.5"
source = "registry+https://github.com/rust-lang/crates.io-index"
checksum = "ecc2af9a1119c51f12a14607e783cb977bde58bc069ff0c3da1095e635d70654"
dependencies = [
 "cpufeatures",
]

[[package]]
name = "lazy_static"
version = "1.4.0"
source = "registry+https://github.com/rust-lang/crates.io-index"
checksum = "e2abad23fbc42b3700f2f279844dc832adb2b2eb069b2df918f455c4e18cc646"

[[package]]
name = "libc"
version = "0.2.154"
source = "registry+https://github.com/rust-lang/crates.io-index"
checksum = "ae743338b92ff9146ce83992f766a31066a91a8c84a45e0e9f21e7cf6de6d346"

[[package]]
name = "libjsonnet"
version = "0.5.0-pre96"
dependencies = [
 "jrsonnet-evaluator",
 "jrsonnet-gcmodule",
 "jrsonnet-parser",
 "jrsonnet-stdlib",
]

[[package]]
name = "linked-hash-map"
version = "0.5.6"
source = "registry+https://github.com/rust-lang/crates.io-index"
checksum = "0717cef1bc8b636c6e1c1bbdefc09e6322da8a9321966e8928ef80d20f7f770f"

[[package]]
name = "linux-raw-sys"
version = "0.4.13"
source = "registry+https://github.com/rust-lang/crates.io-index"
checksum = "01cda141df6706de531b6c46c3a33ecca755538219bd484262fa09410c13539c"

[[package]]
name = "lock_api"
version = "0.4.12"
source = "registry+https://github.com/rust-lang/crates.io-index"
checksum = "07af8b9cdd281b7915f413fa73f29ebd5d55d0d3f0155584dade1ff18cea1b17"
dependencies = [
 "autocfg",
 "scopeguard",
]

[[package]]
name = "logos"
version = "0.14.0"
source = "registry+https://github.com/rust-lang/crates.io-index"
checksum = "161971eb88a0da7ae0c333e1063467c5b5727e7fb6b710b8db4814eade3a42e8"
dependencies = [
 "logos-derive",
]

[[package]]
name = "logos-codegen"
version = "0.14.0"
source = "registry+https://github.com/rust-lang/crates.io-index"
checksum = "8e31badd9de5131fdf4921f6473d457e3dd85b11b7f091ceb50e4df7c3eeb12a"
dependencies = [
 "beef",
 "fnv",
 "lazy_static",
 "proc-macro2",
 "quote",
 "regex-syntax",
 "syn 2.0.60",
]

[[package]]
name = "logos-derive"
version = "0.14.0"
source = "registry+https://github.com/rust-lang/crates.io-index"
checksum = "1c2a69b3eb68d5bd595107c9ee58d7e07fe2bb5e360cc85b0f084dedac80de0a"
dependencies = [
 "logos-codegen",
]

[[package]]
name = "lru"
version = "0.12.3"
source = "registry+https://github.com/rust-lang/crates.io-index"
checksum = "d3262e75e648fce39813cb56ac41f3c3e3f65217ebf3844d818d1f9398cfb0dc"
dependencies = [
 "hashbrown 0.14.5",
]

[[package]]
name = "md5"
version = "0.7.0"
source = "registry+https://github.com/rust-lang/crates.io-index"
checksum = "490cc448043f947bae3cbee9c203358d62dbee0db12107a74be5c30ccfd09771"

[[package]]
name = "memchr"
version = "2.7.2"
source = "registry+https://github.com/rust-lang/crates.io-index"
checksum = "6c8640c5d730cb13ebd907d8d04b52f55ac9a2eec55b440c8892f40d56c76c1d"

[[package]]
name = "memoffset"
version = "0.9.1"
source = "registry+https://github.com/rust-lang/crates.io-index"
checksum = "488016bfae457b036d996092f6cb448677611ce4449e970ceaf42695203f218a"
dependencies = [
 "autocfg",
]

[[package]]
name = "mimalloc-sys"
version = "0.1.6"
source = "registry+https://github.com/rust-lang/crates.io-index"
checksum = "4aa3cefb626f6ae3d0b2f71c5378c89d2b1d4d7bc246b0ca9a7ee61a4daad291"
dependencies = [
 "cc",
 "libc",
]

[[package]]
name = "mimallocator"
version = "0.1.3"
source = "registry+https://github.com/rust-lang/crates.io-index"
checksum = "2d44fe4ebf6b538fcf39d9975c2b90bb3232d1ba8e8bffeacd004f27b20c577a"
dependencies = [
 "mimalloc-sys",
]

[[package]]
name = "num-bigint"
version = "0.4.4"
source = "registry+https://github.com/rust-lang/crates.io-index"
checksum = "608e7659b5c3d7cba262d894801b9ec9d00de989e8a82bd4bef91d08da45cdc0"
dependencies = [
 "autocfg",
 "num-integer",
 "num-traits",
 "serde",
]

[[package]]
name = "num-integer"
version = "0.1.46"
source = "registry+https://github.com/rust-lang/crates.io-index"
checksum = "7969661fd2958a5cb096e56c8e1ad0444ac2bbcd0061bd28660485a44879858f"
dependencies = [
 "num-traits",
]

[[package]]
name = "num-traits"
version = "0.2.18"
source = "registry+https://github.com/rust-lang/crates.io-index"
checksum = "da0df0e5185db44f69b44f26786fe401b6c293d1907744beaa7fa62b2e5a517a"
dependencies = [
 "autocfg",
]

[[package]]
name = "once_cell"
version = "1.19.0"
source = "registry+https://github.com/rust-lang/crates.io-index"
checksum = "3fdb12b2476b595f9358c5161aa467c2438859caa136dec86c26fdd2efe17b92"

[[package]]
name = "parking_lot"
version = "0.12.2"
source = "registry+https://github.com/rust-lang/crates.io-index"
checksum = "7e4af0ca4f6caed20e900d564c242b8e5d4903fdacf31d3daf527b66fe6f42fb"
dependencies = [
 "lock_api",
 "parking_lot_core",
]

[[package]]
name = "parking_lot_core"
version = "0.9.10"
source = "registry+https://github.com/rust-lang/crates.io-index"
checksum = "1e401f977ab385c9e4e3ab30627d6f26d00e2c73eef317493c4ec6d468726cf8"
dependencies = [
 "cfg-if",
 "libc",
 "redox_syscall",
 "smallvec",
 "windows-targets",
]

[[package]]
name = "pathdiff"
version = "0.2.1"
source = "registry+https://github.com/rust-lang/crates.io-index"
checksum = "8835116a5c179084a830efb3adc117ab007512b535bc1a21c991d3b32a6b44dd"

[[package]]
name = "peg"
version = "0.8.3"
source = "registry+https://github.com/rust-lang/crates.io-index"
checksum = "8a625d12ad770914cbf7eff6f9314c3ef803bfe364a1b20bc36ddf56673e71e5"
dependencies = [
 "peg-macros",
 "peg-runtime",
]

[[package]]
name = "peg-macros"
version = "0.8.3"
source = "registry+https://github.com/rust-lang/crates.io-index"
checksum = "f241d42067ed3ab6a4fece1db720838e1418f36d868585a27931f95d6bc03582"
dependencies = [
 "peg-runtime",
 "proc-macro2",
 "quote",
]

[[package]]
name = "peg-runtime"
version = "0.8.3"
source = "registry+https://github.com/rust-lang/crates.io-index"
checksum = "e3aeb8f54c078314c2065ee649a7241f46b9d8e418e1a9581ba0546657d7aa3a"

[[package]]
name = "ppv-lite86"
version = "0.2.17"
source = "registry+https://github.com/rust-lang/crates.io-index"
checksum = "5b40af805b3121feab8a3c29f04d8ad262fa8e0561883e7653e024ae4479e6de"

[[package]]
name = "proc-macro2"
version = "1.0.81"
source = "registry+https://github.com/rust-lang/crates.io-index"
checksum = "3d1597b0c024618f09a9c3b8655b7e430397a36d23fdafec26d6965e9eec3eba"
dependencies = [
 "unicode-ident",
]

[[package]]
name = "quote"
version = "1.0.36"
source = "registry+https://github.com/rust-lang/crates.io-index"
checksum = "0fa76aaf39101c457836aec0ce2316dbdc3ab723cdda1c6bd4e6ad4208acaca7"
dependencies = [
 "proc-macro2",
]

[[package]]
name = "rand"
version = "0.8.5"
source = "registry+https://github.com/rust-lang/crates.io-index"
checksum = "34af8d1a0e25924bc5b7c43c079c942339d8f0a8b57c39049bef581b46327404"
dependencies = [
 "libc",
 "rand_chacha",
 "rand_core",
]

[[package]]
name = "rand_chacha"
version = "0.3.1"
source = "registry+https://github.com/rust-lang/crates.io-index"
checksum = "e6c10a63a0fa32252be49d21e7709d4d4baf8d231c2dbce1eaa8141b9b127d88"
dependencies = [
 "ppv-lite86",
 "rand_core",
]

[[package]]
name = "rand_core"
version = "0.6.4"
source = "registry+https://github.com/rust-lang/crates.io-index"
checksum = "ec0be4795e2f6a28069bec0b5ff3e2ac9bafc99e6a9a7dc3547996c5c816922c"
dependencies = [
 "getrandom",
]

[[package]]
name = "random_color"
version = "0.8.0"
source = "registry+https://github.com/rust-lang/crates.io-index"
checksum = "0085421bc527effa7ed6d46bac0a28734663c47abe03d80a5e78e441fad85196"
dependencies = [
 "rand",
]

[[package]]
name = "range-map"
version = "0.2.0"
source = "registry+https://github.com/rust-lang/crates.io-index"
checksum = "12a5a2d6c7039059af621472a4389be1215a816df61aa4d531cfe85264aee95f"
dependencies = [
 "num-traits",
]

[[package]]
name = "redox_syscall"
version = "0.5.1"
source = "registry+https://github.com/rust-lang/crates.io-index"
checksum = "469052894dcb553421e483e4209ee581a45100d31b4018de03e5a7ad86374a7e"
dependencies = [
 "bitflags",
]

[[package]]
name = "regex"
version = "1.10.4"
source = "registry+https://github.com/rust-lang/crates.io-index"
checksum = "c117dbdfde9c8308975b6a18d71f3f385c89461f7b3fb054288ecf2a2058ba4c"
dependencies = [
 "aho-corasick",
 "memchr",
 "regex-automata",
 "regex-syntax",
]

[[package]]
name = "regex-automata"
version = "0.4.6"
source = "registry+https://github.com/rust-lang/crates.io-index"
checksum = "86b83b8b9847f9bf95ef68afb0b8e6cdb80f498442f5179a29fad448fcc1eaea"
dependencies = [
 "aho-corasick",
 "memchr",
 "regex-syntax",
]

[[package]]
name = "regex-syntax"
version = "0.8.3"
source = "registry+https://github.com/rust-lang/crates.io-index"
checksum = "adad44e29e4c806119491a7f06f03de4d1af22c3a680dd47f1e6e179439d1f56"

[[package]]
name = "rowan"
version = "0.15.15"
source = "registry+https://github.com/rust-lang/crates.io-index"
checksum = "32a58fa8a7ccff2aec4f39cc45bf5f985cec7125ab271cf681c279fd00192b49"
dependencies = [
 "countme",
 "hashbrown 0.14.5",
 "memoffset",
 "rustc-hash",
 "text-size",
]

[[package]]
name = "rustc-hash"
version = "1.1.0"
source = "registry+https://github.com/rust-lang/crates.io-index"
checksum = "08d43f7aa6b08d49f382cde6a7982047c3426db949b1424bc4b7ec9ae12c6ce2"

[[package]]
name = "rustix"
version = "0.38.34"
source = "registry+https://github.com/rust-lang/crates.io-index"
checksum = "70dc5ec042f7a43c4a73241207cecc9873a06d45debb38b329f8541d85c2730f"
dependencies = [
 "bitflags",
 "errno",
 "libc",
 "linux-raw-sys",
 "windows-sys",
]

[[package]]
name = "ryu"
version = "1.0.17"
source = "registry+https://github.com/rust-lang/crates.io-index"
checksum = "e86697c916019a8588c99b5fac3cead74ec0b4b819707a682fd4d23fa0ce1ba1"

[[package]]
name = "scopeguard"
version = "1.2.0"
source = "registry+https://github.com/rust-lang/crates.io-index"
checksum = "94143f37725109f92c262ed2cf5e59bce7498c01bcc1502d7b9afe439a4e9f49"

[[package]]
name = "serde"
version = "1.0.200"
source = "registry+https://github.com/rust-lang/crates.io-index"
checksum = "ddc6f9cc94d67c0e21aaf7eda3a010fd3af78ebf6e096aa6e2e13c79749cce4f"
dependencies = [
 "serde_derive",
]

[[package]]
name = "serde_derive"
version = "1.0.200"
source = "registry+https://github.com/rust-lang/crates.io-index"
checksum = "856f046b9400cee3c8c94ed572ecdb752444c24528c035cd35882aad6f492bcb"
dependencies = [
 "proc-macro2",
 "quote",
 "syn 2.0.60",
]

[[package]]
name = "serde_json"
version = "1.0.116"
source = "registry+https://github.com/rust-lang/crates.io-index"
checksum = "3e17db7126d17feb94eb3fad46bf1a96b034e8aacbc2e775fe81505f8b0b2813"
dependencies = [
 "itoa",
 "ryu",
 "serde",
]

[[package]]
name = "serde_yaml_with_quirks"
version = "0.8.24"
source = "registry+https://github.com/rust-lang/crates.io-index"
checksum = "47c5983eba86eae2d0058c35fb1065ccffb23af7f8965871069269088098321a"
dependencies = [
 "indexmap 1.9.3",
 "ryu",
 "serde",
 "yaml-rust",
]

[[package]]
name = "sha1"
version = "0.10.6"
source = "registry+https://github.com/rust-lang/crates.io-index"
checksum = "e3bf829a2d51ab4a5ddf1352d8470c140cadc8301b2ae1789db023f01cedd6ba"
dependencies = [
 "cfg-if",
 "cpufeatures",
 "digest",
]

[[package]]
name = "sha2"
version = "0.10.8"
source = "registry+https://github.com/rust-lang/crates.io-index"
checksum = "793db75ad2bcafc3ffa7c68b215fee268f537982cd901d132f89c6343f3a3dc8"
dependencies = [
 "cfg-if",
 "cpufeatures",
 "digest",
]

[[package]]
name = "sha3"
version = "0.10.8"
source = "registry+https://github.com/rust-lang/crates.io-index"
checksum = "75872d278a8f37ef87fa0ddbda7802605cb18344497949862c0d4dcb291eba60"
dependencies = [
 "digest",
 "keccak",
]

[[package]]
name = "similar"
version = "2.5.0"
source = "registry+https://github.com/rust-lang/crates.io-index"
checksum = "fa42c91313f1d05da9b26f267f931cf178d4aba455b4c4622dd7355eb80c6640"

[[package]]
name = "smallvec"
version = "1.13.2"
source = "registry+https://github.com/rust-lang/crates.io-index"
checksum = "3c5e1a9a646d36c3599cd173a41282daf47c44583ad367b8e6837255952e5c67"

[[package]]
name = "static_assertions"
version = "1.1.0"
source = "registry+https://github.com/rust-lang/crates.io-index"
checksum = "a2eb9349b6444b326872e140eb1cf5e7c522154d69e7a0ffb0fb81c06b37543f"

[[package]]
name = "strsim"
version = "0.11.1"
source = "registry+https://github.com/rust-lang/crates.io-index"
checksum = "7da8b5736845d9f2fcb837ea5d9e2628564b3b043a70948a3f0b778838c5fb4f"

[[package]]
name = "structdump"
version = "0.2.0"
source = "registry+https://github.com/rust-lang/crates.io-index"
checksum = "b0570327507bf281d8a6e6b0d4c082b12cb6bcee27efce755aa5efacd44076c1"
dependencies = [
 "proc-macro2",
 "quote",
 "structdump-derive",
]

[[package]]
name = "structdump-derive"
version = "0.2.0"
source = "registry+https://github.com/rust-lang/crates.io-index"
checksum = "29cc0b59cfa11f1bceda09a9a7e37e6a6c3138575fd24ade8aa9af6d09aedf28"
dependencies = [
 "proc-macro2",
 "quote",
 "syn 1.0.109",
]

[[package]]
name = "syn"
version = "1.0.109"
source = "registry+https://github.com/rust-lang/crates.io-index"
checksum = "72b64191b275b66ffe2469e8af2c1cfe3bafa67b529ead792a6d0160888b4237"
dependencies = [
 "proc-macro2",
 "quote",
 "unicode-ident",
]

[[package]]
name = "syn"
version = "2.0.60"
source = "registry+https://github.com/rust-lang/crates.io-index"
checksum = "909518bc7b1c9b779f1bbf07f2929d35af9f0f37e47c6e9ef7f9dddc1e1821f3"
dependencies = [
 "proc-macro2",
 "quote",
 "unicode-ident",
]

[[package]]
name = "tempfile"
version = "3.10.1"
source = "registry+https://github.com/rust-lang/crates.io-index"
checksum = "85b77fafb263dd9d05cbeac119526425676db3784113aa9295c88498cbf8bff1"
dependencies = [
 "cfg-if",
 "fastrand",
 "rustix",
 "windows-sys",
]

[[package]]
name = "tests"
version = "0.1.0"
dependencies = [
 "jrsonnet-evaluator",
 "jrsonnet-gcmodule",
 "jrsonnet-stdlib",
 "serde",
]

[[package]]
name = "text-size"
version = "1.1.1"
source = "registry+https://github.com/rust-lang/crates.io-index"
checksum = "f18aa187839b2bdb1ad2fa35ead8c4c2976b64e4363c386d45ac0f7ee85c9233"

[[package]]
name = "thiserror"
version = "1.0.59"
source = "registry+https://github.com/rust-lang/crates.io-index"
checksum = "f0126ad08bff79f29fc3ae6a55cc72352056dfff61e3ff8bb7129476d44b23aa"
dependencies = [
 "thiserror-impl",
]

[[package]]
name = "thiserror-impl"
version = "1.0.59"
source = "registry+https://github.com/rust-lang/crates.io-index"
checksum = "d1cd413b5d558b4c5bf3680e324a6fa5014e7b7c067a51e69dbdf47eb7148b66"
dependencies = [
 "proc-macro2",
 "quote",
 "syn 2.0.60",
]

[[package]]
name = "typenum"
version = "1.17.0"
source = "registry+https://github.com/rust-lang/crates.io-index"
checksum = "42ff0bf0c66b8238c6f3b578df37d0b7848e55df8577b3f74f92a69acceeb825"

[[package]]
name = "ungrammar"
version = "1.16.1"
source = "registry+https://github.com/rust-lang/crates.io-index"
checksum = "a3e5df347f0bf3ec1d670aad6ca5c6a1859cd9ea61d2113125794654ccced68f"

[[package]]
name = "unicode-ident"
version = "1.0.12"
source = "registry+https://github.com/rust-lang/crates.io-index"
checksum = "3354b9ac3fae1ff6755cb6db53683adb661634f67557942dea4facebec0fee4b"

[[package]]
name = "unicode-width"
version = "0.1.12"
source = "registry+https://github.com/rust-lang/crates.io-index"
checksum = "68f5e5f3158ecfd4b8ff6fe086db7c8467a2dfdac97fe420f2b7c4aa97af66d6"

[[package]]
name = "utf8parse"
version = "0.2.1"
source = "registry+https://github.com/rust-lang/crates.io-index"
checksum = "711b9620af191e0cdc7468a8d14e709c3dcdb115b36f838e601583af800a370a"

[[package]]
name = "version_check"
version = "0.9.4"
source = "registry+https://github.com/rust-lang/crates.io-index"
checksum = "49874b5167b65d7193b8aba1567f5c7d93d001cafc34600cee003eda787e483f"

[[package]]
name = "wasi"
version = "0.11.0+wasi-snapshot-preview1"
source = "registry+https://github.com/rust-lang/crates.io-index"
checksum = "9c8d87e72b64a3b4db28d11ce29237c246188f4f51057d65a7eab63b7987e423"

[[package]]
name = "windows-sys"
version = "0.52.0"
source = "registry+https://github.com/rust-lang/crates.io-index"
checksum = "282be5f36a8ce781fad8c8ae18fa3f9beff57ec1b52cb3de0789201425d9a33d"
dependencies = [
 "windows-targets",
]

[[package]]
name = "windows-targets"
version = "0.52.5"
source = "registry+https://github.com/rust-lang/crates.io-index"
checksum = "6f0713a46559409d202e70e28227288446bf7841d3211583a4b53e3f6d96e7eb"
dependencies = [
 "windows_aarch64_gnullvm",
 "windows_aarch64_msvc",
 "windows_i686_gnu",
 "windows_i686_gnullvm",
 "windows_i686_msvc",
 "windows_x86_64_gnu",
 "windows_x86_64_gnullvm",
 "windows_x86_64_msvc",
]

[[package]]
name = "windows_aarch64_gnullvm"
version = "0.52.5"
source = "registry+https://github.com/rust-lang/crates.io-index"
checksum = "7088eed71e8b8dda258ecc8bac5fb1153c5cffaf2578fc8ff5d61e23578d3263"

[[package]]
name = "windows_aarch64_msvc"
version = "0.52.5"
source = "registry+https://github.com/rust-lang/crates.io-index"
checksum = "9985fd1504e250c615ca5f281c3f7a6da76213ebd5ccc9561496568a2752afb6"

[[package]]
name = "windows_i686_gnu"
version = "0.52.5"
source = "registry+https://github.com/rust-lang/crates.io-index"
checksum = "88ba073cf16d5372720ec942a8ccbf61626074c6d4dd2e745299726ce8b89670"

[[package]]
name = "windows_i686_gnullvm"
version = "0.52.5"
source = "registry+https://github.com/rust-lang/crates.io-index"
checksum = "87f4261229030a858f36b459e748ae97545d6f1ec60e5e0d6a3d32e0dc232ee9"

[[package]]
name = "windows_i686_msvc"
version = "0.52.5"
source = "registry+https://github.com/rust-lang/crates.io-index"
checksum = "db3c2bf3d13d5b658be73463284eaf12830ac9a26a90c717b7f771dfe97487bf"

[[package]]
name = "windows_x86_64_gnu"
version = "0.52.5"
source = "registry+https://github.com/rust-lang/crates.io-index"
checksum = "4e4246f76bdeff09eb48875a0fd3e2af6aada79d409d33011886d3e1581517d9"

[[package]]
name = "windows_x86_64_gnullvm"
version = "0.52.5"
source = "registry+https://github.com/rust-lang/crates.io-index"
checksum = "852298e482cd67c356ddd9570386e2862b5673c85bd5f88df9ab6802b334c596"

[[package]]
name = "windows_x86_64_msvc"
version = "0.52.5"
source = "registry+https://github.com/rust-lang/crates.io-index"
checksum = "bec47e5bfd1bff0eeaf6d8b485cc1074891a197ab4225d504cb7a1ab88b02bf0"

[[package]]
name = "xshell"
version = "0.2.6"
source = "registry+https://github.com/rust-lang/crates.io-index"
checksum = "6db0ab86eae739efd1b054a8d3d16041914030ac4e01cd1dca0cf252fd8b6437"
dependencies = [
 "xshell-macros",
]

[[package]]
name = "xshell-macros"
version = "0.2.6"
source = "registry+https://github.com/rust-lang/crates.io-index"
checksum = "9d422e8e38ec76e2f06ee439ccc765e9c6a9638b9e7c9f2e8255e4d41e8bd852"

[[package]]
name = "xtask"
version = "0.1.0"
dependencies = [
 "anyhow",
 "indexmap 2.2.6",
 "itertools",
 "proc-macro2",
 "quote",
 "ungrammar",
 "xshell",
]

[[package]]
name = "yaml-rust"
version = "0.4.5"
source = "registry+https://github.com/rust-lang/crates.io-index"
checksum = "56c1936c4cc7a1c9ab21a1ebb602eb942ba868cbd44a99cb7cdc5892335e1c85"
dependencies = [
 "linked-hash-map",
]

[[package]]
name = "zerocopy"
version = "0.7.32"
source = "registry+https://github.com/rust-lang/crates.io-index"
checksum = "74d4d3961e53fa4c9a25a8637fc2bfaf2595b3d3ae34875568a5cf64787716be"
dependencies = [
 "zerocopy-derive",
]

[[package]]
name = "zerocopy-derive"
version = "0.7.32"
source = "registry+https://github.com/rust-lang/crates.io-index"
checksum = "9ce1b18ccd8e73a9321186f97e46f9f04b778851177567b1975109d26a08d2a6"
dependencies = [
 "proc-macro2",
 "quote",
 "syn 2.0.60",
]
