{
  "nodes": {
    "cpp-jsonnet-for-tests": {
      "flake": false,
      "locked": {
        "lastModified": 1774879924,
        "narHash": "sha256-yFxRp/YHaj1BtAAK5n5QcTBTl/a7m5pU5Wh65+sknT4=",
        "owner": "google",
        "repo": "jsonnet",
        "rev": "2ef32abf3d5b83c24863949e8413b810d54c7f2a",
        "type": "github"
      },
      "original": {
        "owner": "google",
        "repo": "jsonnet",
        "type": "github"
      }
    },
    "crane": {
      "locked": {
        "lastModified": 1787326676,
        "owner": "ipetkov",
        "repo": "crane",
        "rev": "692f7e9ef2ece8125b466f66f2af532b3edaed0d",
        "type": "github"
      },
      "original": {
        "owner": "ipetkov",
        "repo": "crane",
        "type": "github"
      }
    },
    "fenix": {
      "inputs": {
        "nixpkgs": [
          "nixpkgs"
        ],
        "rust-analyzer-src": "rust-analyzer-src"
      },
      "locked": {
        "lastModified": 1775272531,
        "owner": "CertainLach",
        "repo": "fenix",
        "rev": "831116e5887552af53f2998dcb46e1d55dc0850e",
        "type": "github"
      },
      "original": {
        "owner": "CertainLach",
        "ref": "fix/libatomic",
        "repo": "fenix",
        "type": "github"
      }
    },
    "flake-parts": {
      "inputs": {
        "nixpkgs-lib": [
          "nixpkgs"
        ]
      },
      "locked": {
        "lastModified": 1787559586,
        "owner": "hercules-ci",
        "repo": "flake-parts",
        "rev": "9d0d87172c374f89da73c1cfe6d81ae62feac1f1",
        "type": "github"
      },
      "original": {
        "owner": "hercules-ci",
        "repo": "flake-parts",
        "type": "github"
      }
    },
    "go-jsonnet-for-tests": {
      "flake": false,
      "locked": {
        "lastModified": 1774367753,
        "narHash": "sha256-O7b26aobvs1gHsUNM2RZ/WnIMpFJOa/XbupttTMJ8LA=",
        "owner": "google",
        "repo": "go-jsonnet",
        "rev": "567b61ac4a6c23546a62d79324bb4aaed6bdc941",
        "type": "github"
      },
      "original": {
        "owner": "google",
        "repo": "go-jsonnet",
        "type": "github"
      }
    },
    "hercules-ci-effects": {
      "inputs": {
        "flake-parts": [
          "flake-parts"
        ],
        "nixpkgs": [
          "nixpkgs"
        ]
      },
      "locked": {
        "lastModified": 1786770286,
        "owner": "hercules-ci",
        "repo": "hercules-ci-effects",
        "rev": "f5df0b4ad1aea4a435dfdd65b616c64cadcd2725",
        "type": "github"
      },
      "original": {
        "owner": "hercules-ci",
        "repo": "hercules-ci-effects",
        "type": "github"
      }
    },
    "nixpkgs": {
      "locked": {
        "lastModified": 1788181121,
        "owner": "nixos",
        "repo": "nixpkgs",
        "rev": "68777210cd7f124b02e334e03cd366117355ab0b",
        "type": "github"
      },
      "original": {
        "owner": "nixos",
        "ref": "release-26.05",
        "repo": "nixpkgs",
        "type": "github"
      }
    },
    "root": {
      "inputs": {
        "cpp-jsonnet-for-tests": "cpp-jsonnet-for-tests",
        "crane": "crane",
        "fenix": "fenix",
        "flake-parts": "flake-parts",
        "go-jsonnet-for-tests": "go-jsonnet-for-tests",
        "hercules-ci-effects": "hercules-ci-effects",
        "nixpkgs": "nixpkgs",
        "shelly": "shelly",
        "treefmt-nix": "treefmt-nix"
      }
    },
    "rust-analyzer-src": {
      "flake": false,
      "locked": {
        "lastModified": 1775174431,
        "narHash": "sha256-jSw1C5MuyySiCpPgjdR+H0wPR3AgPRuylLunw+yd7A0=",
        "owner": "rust-lang",
        "repo": "rust-analyzer",
        "rev": "9767050b2db436f5a770c5f91a548c88fd91ec71",
        "type": "github"
      },
      "original": {
        "owner": "rust-lang",
        "ref": "nightly",
        "repo": "rust-analyzer",
        "type": "github"
      }
    },
    "shelly": {
      "locked": {
        "lastModified": 1756323923,
        "owner": "CertainLach",
        "repo": "shelly",
        "rev": "b5dd29a500db04f54a9f1c2bf81cdd84df8b0cd7",
        "type": "github"
      },
      "original": {
        "owner": "CertainLach",
        "repo": "shelly",
        "type": "github"
      }
    },
    "treefmt-nix": {
      "inputs": {
        "nixpkgs": [
          "nixpkgs"
        ]
      },
      "locked": {
        "lastModified": 1786901030,
        "owner": "numtide",
        "repo": "treefmt-nix",
        "rev": "27b3b12a8e6375f28ebe122f07d230ca5459bbfa",
        "type": "github"
      },
      "original": {
        "owner": "numtide",
        "repo": "treefmt-nix",
        "type": "github"
      }
    }
  },
  "root": "root",
  "version": 7
}
