{
  "nodes": {
    "crane": {
      "locked": {
        "lastModified": 1733016477,
        "narHash": "sha256-Hh0khbqBeCtiNS0SJgqdWrQDem9WlPEc2KF5pAY+st0=",
        "owner": "ipetkov",
        "repo": "crane",
        "rev": "76d64e779e2fbaf172110038492343a8c4e29b55",
        "type": "github"
      },
      "original": {
        "owner": "ipetkov",
        "repo": "crane",
        "type": "github"
      }
    },
    "flake-parts": {
      "inputs": {
        "nixpkgs-lib": [
          "nixpkgs"
        ]
      },
      "locked": {
        "lastModified": 1730504689,
        "narHash": "sha256-hgmguH29K2fvs9szpq2r3pz2/8cJd2LPS+b4tfNFCwE=",
        "owner": "hercules-ci",
        "repo": "flake-parts",
        "rev": "506278e768c2a08bec68eb62932193e341f55c90",
        "type": "github"
      },
      "original": {
        "owner": "hercules-ci",
        "repo": "flake-parts",
        "type": "github"
      }
    },
    "nixpkgs": {
      "locked": {
        "lastModified": 1733116489,
        "narHash": "sha256-flZQ/u938wera4B9K+yCU7iE/YISoCwm/NVFP+V0nww=",
        "owner": "nixos",
        "repo": "nixpkgs",
        "rev": "871d435cd6d40f5c0370dbfd531b203f40bd4af2",
        "type": "github"
      },
      "original": {
        "owner": "nixos",
        "repo": "nixpkgs",
        "type": "github"
      }
    },
    "root": {
      "inputs": {
        "crane": "crane",
        "flake-parts": "flake-parts",
        "nixpkgs": "nixpkgs",
        "rust-overlay": "rust-overlay",
        "shelly": "shelly"
      }
    },
    "rust-overlay": {
      "inputs": {
        "nixpkgs": [
          "nixpkgs"
        ]
      },
      "locked": {
        "lastModified": 1733106880,
        "narHash": "sha256-aJmAIjZfWfPSWSExwrYBLRgXVvgF5LP1vaeUGOOIQ98=",
        "owner": "oxalica",
        "repo": "rust-overlay",
        "rev": "e66c0d43abf5bdefb664c3583ca8994983c332ae",
        "type": "github"
      },
      "original": {
        "owner": "oxalica",
        "repo": "rust-overlay",
        "type": "github"
      }
    },
    "shelly": {
      "inputs": {
        "flake-parts": [
          "flake-parts"
        ],
        "nixpkgs": [
          "nixpkgs"
        ]
      },
      "locked": {
        "lastModified": 1718420551,
        "narHash": "sha256-NU8NBXVPj0KuY4Tl/LtZPrbX3PmmmgPuhk/1pzm9cyk=",
        "owner": "CertainLach",
        "repo": "shelly",
        "rev": "4f70221f3f9ad9058f590eefb25251b6760aaa47",
        "type": "github"
      },
      "original": {
        "owner": "CertainLach",
        "repo": "shelly",
        "type": "github"
      }
    }
  },
  "root": "root",
  "version": 7
}
